<?xml version="1.0" encoding="utf-8"?>
<Project ToolsVersion="4.0" xmlns="http://schemas.microsoft.com/developer/msbuild/2003">
  <ItemGroup>
    <Filter Include="Source Files">
      <UniqueIdentifier>{4FC737F1-C7A5-4376-A066-2A32D752A2FF}</UniqueIdentifier>
      <Extensions>cpp;c;cc;cxx;c++;cppm;ixx;def;odl;idl;hpj;bat;asm;asmx</Extensions>
    </Filter>
    <Filter Include="Header Files">
      <UniqueIdentifier>{93995380-89BD-4b04-88EB-625FBE52EBFB}</UniqueIdentifier>
      <Extensions>h;hh;hpp;hxx;h++;hm;inl;inc;ipp;xsd</Extensions>
    </Filter>
    <Filter Include="Resource Files">
      <UniqueIdentifier>{67DA6AB6-F800-4c08-8B7A-83BB121AAD01}</UniqueIdentifier>
      <Extensions>rc;ico;cur;bmp;dlg;rc2;rct;bin;rgs;gif;jpg;jpeg;jpe;resx;tiff;tif;png;wav;mfcribbon-ms</Extensions>
    </Filter>
    <Filter Include="Header">
      <UniqueIdentifier>{2bfd725a-2a2a-4847-82e0-5f0ab3974b7e}</UniqueIdentifier>
    </Filter>
    <Filter Include="Implementations">
      <UniqueIdentifier>{f64d0ec1-b4cf-4988-8344-63a71f5280b7}</UniqueIdentifier>
    </Filter>
    <Filter Include="Utility">
      <UniqueIdentifier>{a59ef2ea-9b25-471a-9c9d-e57aa189279e}</UniqueIdentifier>
    </Filter>
  </ItemGroup>
  <ItemGroup>
    <ClCompile Include="Source.cpp">
      <Filter>Source Files</Filter>
    </ClCompile>
    <ClCompile Include="Node.cpp">
      <Filter>Implementations</Filter>
    </ClCompile>
    <ClCompile Include="TicTacToe.cpp">
      <Filter>Implementations</Filter>
    </ClCompile>
    <ClCompile Include="MCTS.cpp">
      <Filter>Implementations</Filter>
    </ClCompile>
    <ClCompile Include="ResNet_Model.h">
      <Filter>Header</Filter>
    </ClCompile>
    <ClCompile Include="ResNet_Model.cpp">
      <Filter>Implementations</Filter>
    </ClCompile>
    <ClCompile Include="torch_Utility.h">
      <Filter>Utility</Filter>
    </ClCompile>
    <ClCompile Include="AlphaZero.cpp">
      <Filter>Implementations</Filter>
    </ClCompile>
    <ClCompile Include="Connect4.cpp">
      <Filter>Implementations</Filter>
    </ClCompile>
    <ClCompile Include="BB_Magic_Algorithm.cpp">
      <Filter>Implementations</Filter>
    </ClCompile>
    <ClCompile Include="BB_MoveGenerator.cpp">
      <Filter>Implementations</Filter>
    </ClCompile>
    <ClCompile Include="BitBoard.cpp">
      <Filter>Implementations</Filter>
    </ClCompile>
    <ClCompile Include="zobrish_hashing.cpp">
      <Filter>Implementations</Filter>
    </ClCompile>
    <ClCompile Include="Chess.cpp">
      <Filter>Implementations</Filter>
    </ClCompile>
  </ItemGroup>
  <ItemGroup>
    <ClInclude Include="Node.h">
      <Filter>Header</Filter>
    </ClInclude>
    <ClInclude Include="TicTacToe.h">
      <Filter>Header</Filter>
    </ClInclude>
    <ClInclude Include="MCTS.h">
      <Filter>Header</Filter>
    </ClInclude>
    <ClInclude Include="AlphaZero.h">
      <Filter>Header</Filter>
    </ClInclude>
    <ClInclude Include="IGame.h">
      <Filter>Header</Filter>
    </ClInclude>
    <ClInclude Include="resource.h">
      <Filter>Header Files</Filter>
    </ClInclude>
    <ClInclude Include="Connect4.h">
      <Filter>Header</Filter>
    </ClInclude>
    <ClInclude Include="AlphaZeroParallel.h">
      <Filter>Header</Filter>
    </ClInclude>
    <ClInclude Include="MCTS_Parallel.h">
      <Filter>Header</Filter>
    </ClInclude>
    <ClInclude Include="Enums.h">
      <Filter>Header</Filter>
    </ClInclude>
    <ClInclude Include="BB_MagicAlgorithm.h">
      <Filter>Header</Filter>
    </ClInclude>
    <ClInclude Include="PieceMagicStorage.h">
      <Filter>Header</Filter>
    </ClInclude>
    <ClInclude Include="BB_MoveGenerator.h">
      <Filter>Header</Filter>
    </ClInclude>
    <ClInclude Include="BitBoard.h">
      <Filter>Header</Filter>
    </ClInclude>
    <ClInclude Include="Utility_BB.h">
      <Filter>Header</Filter>
    </ClInclude>
    <ClInclude Include="zobrish_hashing.h">
      <Filter>Header</Filter>
    </ClInclude>
    <ClInclude Include="Position.h">
      <Filter>Header</Filter>
    </ClInclude>
    <ClInclude Include="Chess.h">
      <Filter>Header</Filter>
    </ClInclude>
  </ItemGroup>
  <ItemGroup>
    <ResourceCompile Include="BB_ChessEngine.rc">
      <Filter>Resource Files</Filter>
    </ResourceCompile>
  </ItemGroup>
</Project>