<?xml version="1.0" encoding="utf-8"?>
<Project ToolsVersion="4.0" xmlns="http://schemas.microsoft.com/developer/msbuild/2003">
  <ItemGroup>
    <Filter Include="Source Files">
      <UniqueIdentifier>{4FC737F1-C7A5-4376-A066-2A32D752A2FF}</UniqueIdentifier>
      <Extensions>cpp;c;cc;cxx;c++;cppm;ixx;def;odl;idl;hpj;bat;asm;asmx</Extensions>
    </Filter>
    <Filter Include="Header Files">
      <UniqueIdentifier>{93995380-89BD-4b04-88EB-625FBE52EBFB}</UniqueIdentifier>
      <Extensions>h;hh;hpp;hxx;h++;hm;inl;inc;ipp;xsd</Extensions>
    </Filter>
    <Filter Include="Resource Files">
      <UniqueIdentifier>{67DA6AB6-F800-4c08-8B7A-83BB121AAD01}</UniqueIdentifier>
      <Extensions>rc;ico;cur;bmp;dlg;rc2;rct;bin;rgs;gif;jpg;jpeg;jpe;resx;tiff;tif;png;wav;mfcribbon-ms</Extensions>
    </Filter>
    <Filter Include="Models">
      <UniqueIdentifier>{040a19c5-8ee4-424a-b566-9c5d0aec7f73}</UniqueIdentifier>
    </Filter>
    <Filter Include="Models\Headers">
      <UniqueIdentifier>{75e233f3-7fe5-4d88-affc-78855eedb85b}</UniqueIdentifier>
    </Filter>
    <Filter Include="Models\Implementations">
      <UniqueIdentifier>{16b2dfe3-5690-47d2-9420-cc2e982aa6b1}</UniqueIdentifier>
    </Filter>
    <Filter Include="Models\Interfaces">
      <UniqueIdentifier>{432c1ce7-6c58-49a9-8095-e6d4aabed6a9}</UniqueIdentifier>
    </Filter>
    <Filter Include="Enums">
      <UniqueIdentifier>{4018984c-1269-480a-94f0-663233075890}</UniqueIdentifier>
    </Filter>
    <Filter Include="Models\Headers\ChessPieces">
      <UniqueIdentifier>{9cd508b9-b407-482d-a458-c2d045eb8610}</UniqueIdentifier>
    </Filter>
    <Filter Include="Models\Headers\ChessPieces\Knight">
      <UniqueIdentifier>{e58bc2cc-6bbe-44d8-8e8a-670b73615475}</UniqueIdentifier>
    </Filter>
    <Filter Include="Models\Headers\ChessPieces\Bishop">
      <UniqueIdentifier>{cbf12fba-72b4-44fc-b4fa-f72dd51c2614}</UniqueIdentifier>
    </Filter>
    <Filter Include="Models\Headers\ChessPieces\Rook">
      <UniqueIdentifier>{6dc4b1ea-f731-4242-ac3d-7a3767857c1e}</UniqueIdentifier>
    </Filter>
    <Filter Include="NameSpaces">
      <UniqueIdentifier>{d6437119-0e26-43ca-b268-f6d87fbb6075}</UniqueIdentifier>
    </Filter>
    <Filter Include="Models\Headers\ChessPieces\Queen">
      <UniqueIdentifier>{415d45d0-3ca2-422a-a2de-2264bcc55d88}</UniqueIdentifier>
    </Filter>
    <Filter Include="Models\Headers\ChessPieces\Pawn">
      <UniqueIdentifier>{1323a661-6ba2-4840-92f3-e45979af6a97}</UniqueIdentifier>
    </Filter>
    <Filter Include="Models\Headers\ChessPieces\King">
      <UniqueIdentifier>{ccecbb7d-8689-4865-86f4-78f22733cb07}</UniqueIdentifier>
    </Filter>
    <Filter Include="Utility_Structs">
      <UniqueIdentifier>{d9749fe2-c718-4af8-8dfc-10cae7bdcc35}</UniqueIdentifier>
    </Filter>
    <Filter Include="BitBoard_Representation">
      <UniqueIdentifier>{f2c50d66-564c-496d-9e1b-ad6f2a74b1ed}</UniqueIdentifier>
    </Filter>
    <Filter Include="BitBoard_Representation\Classes">
      <UniqueIdentifier>{e76d009a-2a1b-4d4f-a58c-083dac5fd7fb}</UniqueIdentifier>
    </Filter>
    <Filter Include="BitBoard_Representation\Implementation">
      <UniqueIdentifier>{77aaebe0-d531-4df5-a1f4-b9b2148ec125}</UniqueIdentifier>
    </Filter>
    <Filter Include="BitBoard_Representation\NameSpace">
      <UniqueIdentifier>{dfbfbc29-86df-4946-8635-33acc05a9909}</UniqueIdentifier>
    </Filter>
    <Filter Include="BitBoard_Representation\Magic_BitBoard">
      <UniqueIdentifier>{709678b3-478b-4fc5-bad8-b7b854bd0f8f}</UniqueIdentifier>
    </Filter>
    <Filter Include="BitBoard_Representation\BB_Magic_Algorithm">
      <UniqueIdentifier>{98f02fe4-b014-4567-a123-3b54cf1dd9d6}</UniqueIdentifier>
    </Filter>
  </ItemGroup>
  <ItemGroup>
    <ClCompile Include="Source.cpp">
      <Filter>Source Files</Filter>
    </ClCompile>
    <ClCompile Include="Game.cpp">
      <Filter>Models\Implementations</Filter>
    </ClCompile>
    <ClCompile Include="ChessBoard.cpp">
      <Filter>Models\Implementations</Filter>
    </ClCompile>
    <ClCompile Include="Pieces.cpp">
      <Filter>Models\Implementations</Filter>
    </ClCompile>
    <ClCompile Include="Knight.h">
      <Filter>Models\Headers\ChessPieces\Knight</Filter>
    </ClCompile>
    <ClCompile Include="Knight.cpp">
      <Filter>Models\Headers\ChessPieces\Knight</Filter>
    </ClCompile>
    <ClCompile Include="Bishop.cpp">
      <Filter>Models\Headers\ChessPieces\Bishop</Filter>
    </ClCompile>
    <ClCompile Include="Rook.cpp">
      <Filter>Models\Headers\ChessPieces\Rook</Filter>
    </ClCompile>
    <ClCompile Include="MoveGenerator.cpp">
      <Filter>NameSpaces</Filter>
    </ClCompile>
    <ClCompile Include="Queen.cpp">
      <Filter>Models\Headers\ChessPieces\Queen</Filter>
    </ClCompile>
    <ClCompile Include="Pawn.cpp">
      <Filter>Models\Headers\ChessPieces\Pawn</Filter>
    </ClCompile>
    <ClCompile Include="King.cpp">
      <Filter>Models\Headers\ChessPieces\King</Filter>
    </ClCompile>
    <ClCompile Include="BitBoard.cpp">
      <Filter>BitBoard_Representation\Implementation</Filter>
    </ClCompile>
    <ClCompile Include="BitBoard_Game.cpp">
      <Filter>BitBoard_Representation</Filter>
    </ClCompile>
    <ClCompile Include="BitBoard_ChessBoard_visuals.cpp">
      <Filter>BitBoard_Representation\Implementation</Filter>
    </ClCompile>
    <ClCompile Include="Sprite_BitBoard_Mapping.cpp">
      <Filter>BitBoard_Representation\Implementation</Filter>
    </ClCompile>
    <ClCompile Include="BB_MoveGenerator.cpp">
      <Filter>BitBoard_Representation\NameSpace</Filter>
    </ClCompile>
    <ClCompile Include="BB_MagicAlgorithm.cpp">
      <Filter>BitBoard_Representation\BB_Magic_Algorithm</Filter>
    </ClCompile>
  </ItemGroup>
  <ItemGroup>
    <ClInclude Include="Pieces.h">
      <Filter>Models\Headers</Filter>
    </ClInclude>
    <ClInclude Include="Game.h">
      <Filter>Models\Headers</Filter>
    </ClInclude>
    <ClInclude Include="ChessBoard.h">
      <Filter>Models\Headers</Filter>
    </ClInclude>
    <ClInclude Include="Enums.h">
      <Filter>Enums</Filter>
    </ClInclude>
    <ClInclude Include="Bishop.h">
      <Filter>Models\Headers\ChessPieces\Bishop</Filter>
    </ClInclude>
    <ClInclude Include="Rook.h">
      <Filter>Models\Headers\ChessPieces\Rook</Filter>
    </ClInclude>
    <ClInclude Include="MoveGenerator.h">
      <Filter>NameSpaces</Filter>
    </ClInclude>
    <ClInclude Include="Queen.h">
      <Filter>Models\Headers\ChessPieces\Queen</Filter>
    </ClInclude>
    <ClInclude Include="Pawn.h">
      <Filter>Models\Headers\ChessPieces\Pawn</Filter>
    </ClInclude>
    <ClInclude Include="King.h">
      <Filter>Models\Headers\ChessPieces\King</Filter>
    </ClInclude>
    <ClInclude Include="Utility_Class.h">
      <Filter>Utility_Structs</Filter>
    </ClInclude>
    <ClInclude Include="BitBoard.h">
      <Filter>BitBoard_Representation\Classes</Filter>
    </ClInclude>
    <ClInclude Include="BitBoard_Game.h">
      <Filter>BitBoard_Representation</Filter>
    </ClInclude>
    <ClInclude Include="BitBoard_ChessBoard_visuals.h">
      <Filter>BitBoard_Representation\Classes</Filter>
    </ClInclude>
    <ClInclude Include="Sprite_BitBoard_Mapping.h">
      <Filter>BitBoard_Representation\Classes</Filter>
    </ClInclude>
    <ClInclude Include="BB_MoveGenerator.h">
      <Filter>BitBoard_Representation\NameSpace</Filter>
    </ClInclude>
    <ClInclude Include="Utility_BB.h">
      <Filter>BitBoard_Representation\Magic_BitBoard</Filter>
    </ClInclude>
    <ClInclude Include="PieceMagicStorage.h">
      <Filter>BitBoard_Representation\BB_Magic_Algorithm</Filter>
    </ClInclude>
    <ClInclude Include="BB_MagicAlgorithm.h">
      <Filter>BitBoard_Representation\BB_Magic_Algorithm</Filter>
    </ClInclude>
  </ItemGroup>
</Project>